
Microsoft Visual Studio Solution File, Format Version 12.00
# Visual Studio 15
VisualStudioVersion = 15.0.28307.1000
MinimumVisualStudioVersion = 10.0.40219.1
Project("{9A19103F-16F7-4668-BE54-9A1E7A4F7556}") = "ApiSolution", "ApiSolution\ApiSolution.csproj", "{0B429DA6-F0CC-4A6E-998B-31F2045C4B3A}"
EndProject
Project("{FAE04EC0-301F-11D3-BF4B-00C04F79EFBC}") = "ApiTest", "ApiTest\ApiTest.csproj", "{3ECA52E7-307F-4F89-9024-300EEFEFF2F1}"
EndProject
Global
	GlobalSection(SolutionConfigurationPlatforms) = preSolution
		Debug|Any CPU = Debug|Any CPU
		Release|Any CPU = Release|Any CPU
	EndGlobalSection
	GlobalSection(ProjectConfigurationPlatforms) = postSolution
		{0B429DA6-F0CC-4A6E-998B-31F2045C4B3A}.Debug|Any CPU.ActiveCfg = Debug|Any CPU
		{0B429DA6-F0CC-4A6E-998B-31F2045C4B3A}.Debug|Any CPU.Build.0 = Debug|Any CPU
		{0B429DA6-F0CC-4A6E-998B-31F2045C4B3A}.Release|Any CPU.ActiveCfg = Release|Any CPU
		{0B429DA6-F0CC-4A6E-998B-31F2045C4B3A}.Release|Any CPU.Build.0 = Release|Any CPU
		{3ECA52E7-307F-4F89-9024-300EEFEFF2F1}.Debug|Any CPU.ActiveCfg = Debug|Any CPU
		{3ECA52E7-307F-4F89-9024-300EEFEFF2F1}.Debug|Any CPU.Build.0 = Debug|Any CPU
		{3ECA52E7-307F-4F89-9024-300EEFEFF2F1}.Release|Any CPU.ActiveCfg = Release|Any CPU
		{3ECA52E7-307F-4F89-9024-300EEFEFF2F1}.Release|Any CPU.Build.0 = Release|Any CPU
	EndGlobalSection
	GlobalSection(SolutionProperties) = preSolution
		HideSolutionNode = FALSE
	EndGlobalSection
	GlobalSection(ExtensibilityGlobals) = postSolution
		SolutionGuid = {734AB19F-E886-41A3-A325-58030517CF0E}
	EndGlobalSection
EndGlobal
